NeoBundleLock L9 c822b05ee0886f9a9703227dc85a6d47612c4bf1
NeoBundleLock YouCompleteMe 93c2a8644bcfc84590bea5e19eab350fe245e504
NeoBundleLock a.vim 2cbe946206ec622d9d8cf2c99317f204c4d41885
NeoBundleLock ctrlp.vim bd07a75d05d2dc47b670cb7d925fef38322d1e19
NeoBundleLock jellybeans.vim f931895c20681684278aef2ffd810730b9c36ec3
NeoBundleLock molokai c67bdfcdb31415aa0ade7f8c003261700a885476
NeoBundleLock neobundle.vim e89b79b748a2f54893bb8fba70ca808d8ee554c7
NeoBundleLock rainbow 18b7bc1b721f32fcabe740e098d693eace6ad655
NeoBundleLock syntastic 48736aa376341518d7bedf3a39daf0ae9e1dcdc0
NeoBundleLock tcomment_vim 8955e2ee67194de3b6b763b7f01e3c164411c0e6
NeoBundleLock tmuxline.vim 1e638ef6b2673130db123f25b1ae1160c5289bb8
NeoBundleLock vim-airline 8e65fcc1584a4d84c255b2495abf6f78fe975cdb
NeoBundleLock vim-autoswap ab22dab825e67c376d90c70ad120c71b35dde71b
NeoBundleLock vim-colors-solarized 528a59f26d12278698bb946f8fb82a63711eec21
NeoBundleLock vim-fugitive 8851b8fe643517af160f59dfc3d88a0c4eed1fa5
NeoBundleLock vim-gitgutter f52f875fc7b25b601366bd6c0d67c53ad84f9559
NeoBundleLock vim-monokai 96ec20d438f1b6f8c236c51a4c97bad12e36c41a
NeoBundleLock vim-pasta 45900f1ca09cf588856ea375b95cb0618f58ee27
NeoBundleLock vim-surround 2d05440ad23f97a7874ebd9b5de3a0e65d25d85c
NeoBundleLock xoria256.vim ae38fd50b365052ed4ddbc79a006a45628d5786a
